
Microsoft Visual Studio Solution File, Format Version 12.00
# Visual Studio Version 17
VisualStudioVersion = 17.11.35327.3
MinimumVisualStudioVersion = 10.0.40219.1
Project("{FAE04EC0-301F-11D3-BF4B-00C04F79EFBC}") = "LojaABC", "LojaABC\LojaABC.csproj", "{E0763533-BA69-4F2A-9AFC-BF7DA3A3C42A}"
EndProject
Project("{FAE04EC0-301F-11D3-BF4B-00C04F79EFBC}") = "Componentes", "Componentes\Componentes.csproj", "{CAA88671-3C6E-4A3A-B794-423FAA233AC1}"
EndProject
Project("{FAE04EC0-301F-11D3-BF4B-00C04F79EFBC}") = "Calculadora", "Calculadora\Calculadora.csproj", "{20927D99-48FF-455D-B3CB-A9348A2A5D01}"
EndProject
Project("{FAE04EC0-301F-11D3-BF4B-00C04F79EFBC}") = "FolhaPagamento", "FolhaPagamento\FolhaPagamento.csproj", "{15EA9C0C-301B-4FD4-9979-C1D9C3E9DF98}"
EndProject
Global
	GlobalSection(SolutionConfigurationPlatforms) = preSolution
		Debug|Any CPU = Debug|Any CPU
		Release|Any CPU = Release|Any CPU
	EndGlobalSection
	GlobalSection(ProjectConfigurationPlatforms) = postSolution
		{E0763533-BA69-4F2A-9AFC-BF7DA3A3C42A}.Debug|Any CPU.ActiveCfg = Debug|Any CPU
		{E0763533-BA69-4F2A-9AFC-BF7DA3A3C42A}.Debug|Any CPU.Build.0 = Debug|Any CPU
		{E0763533-BA69-4F2A-9AFC-BF7DA3A3C42A}.Release|Any CPU.ActiveCfg = Release|Any CPU
		{E0763533-BA69-4F2A-9AFC-BF7DA3A3C42A}.Release|Any CPU.Build.0 = Release|Any CPU
		{CAA88671-3C6E-4A3A-B794-423FAA233AC1}.Debug|Any CPU.ActiveCfg = Debug|Any CPU
		{CAA88671-3C6E-4A3A-B794-423FAA233AC1}.Debug|Any CPU.Build.0 = Debug|Any CPU
		{CAA88671-3C6E-4A3A-B794-423FAA233AC1}.Release|Any CPU.ActiveCfg = Release|Any CPU
		{CAA88671-3C6E-4A3A-B794-423FAA233AC1}.Release|Any CPU.Build.0 = Release|Any CPU
		{20927D99-48FF-455D-B3CB-A9348A2A5D01}.Debug|Any CPU.ActiveCfg = Debug|Any CPU
		{20927D99-48FF-455D-B3CB-A9348A2A5D01}.Debug|Any CPU.Build.0 = Debug|Any CPU
		{20927D99-48FF-455D-B3CB-A9348A2A5D01}.Release|Any CPU.ActiveCfg = Release|Any CPU
		{20927D99-48FF-455D-B3CB-A9348A2A5D01}.Release|Any CPU.Build.0 = Release|Any CPU
		{15EA9C0C-301B-4FD4-9979-C1D9C3E9DF98}.Debug|Any CPU.ActiveCfg = Debug|Any CPU
		{15EA9C0C-301B-4FD4-9979-C1D9C3E9DF98}.Debug|Any CPU.Build.0 = Debug|Any CPU
		{15EA9C0C-301B-4FD4-9979-C1D9C3E9DF98}.Release|Any CPU.ActiveCfg = Release|Any CPU
		{15EA9C0C-301B-4FD4-9979-C1D9C3E9DF98}.Release|Any CPU.Build.0 = Release|Any CPU
	EndGlobalSection
	GlobalSection(SolutionProperties) = preSolution
		HideSolutionNode = FALSE
	EndGlobalSection
	GlobalSection(ExtensibilityGlobals) = postSolution
		SolutionGuid = {282542AE-2C18-458E-90D2-F9DCED8C2033}
	EndGlobalSection
EndGlobal
